
Microsoft Visual Studio Solution File, Format Version 12.00
# Visual Studio 15
VisualStudioVersion = 15.0.27703.2018
MinimumVisualStudioVersion = 10.0.40219.1
Project("{FAE04EC0-301F-11D3-BF4B-00C04F79EFBC}") = "GAS", "BSAS\GAS.csproj", "{55413018-9DEA-4454-A150-F38BFD1D1543}"
EndProject
Project("{FAE04EC0-301F-11D3-BF4B-00C04F79EFBC}") = "GASLibrary", "GASLibrary\GASLibrary.csproj", "{3E0B2DA3-EA8D-4E2D-AED3-F2A1F60DA118}"
EndProject
Global
	GlobalSection(SolutionConfigurationPlatforms) = preSolution
		Debug|Any CPU = Debug|Any CPU
		Release|Any CPU = Release|Any CPU
	EndGlobalSection
	GlobalSection(ProjectConfigurationPlatforms) = postSolution
		{55413018-9DEA-4454-A150-F38BFD1D1543}.Debug|Any CPU.ActiveCfg = Debug|Any CPU
		{55413018-9DEA-4454-A150-F38BFD1D1543}.Debug|Any CPU.Build.0 = Debug|Any CPU
		{55413018-9DEA-4454-A150-F38BFD1D1543}.Release|Any CPU.ActiveCfg = Release|Any CPU
		{55413018-9DEA-4454-A150-F38BFD1D1543}.Release|Any CPU.Build.0 = Release|Any CPU
		{3E0B2DA3-EA8D-4E2D-AED3-F2A1F60DA118}.Debug|Any CPU.ActiveCfg = Debug|Any CPU
		{3E0B2DA3-EA8D-4E2D-AED3-F2A1F60DA118}.Debug|Any CPU.Build.0 = Debug|Any CPU
		{3E0B2DA3-EA8D-4E2D-AED3-F2A1F60DA118}.Release|Any CPU.ActiveCfg = Release|Any CPU
		{3E0B2DA3-EA8D-4E2D-AED3-F2A1F60DA118}.Release|Any CPU.Build.0 = Release|Any CPU
	EndGlobalSection
	GlobalSection(SolutionProperties) = preSolution
		HideSolutionNode = FALSE
	EndGlobalSection
	GlobalSection(ExtensibilityGlobals) = postSolution
		SolutionGuid = {E488787B-1649-4424-AB22-68384B0718D9}
	EndGlobalSection
EndGlobal
